Microsoft Visual Studio Solution File, Format Version 12.00
# Visual Studio Version 17
VisualStudioVersion = 17.5.2.0
MinimumVisualStudioVersion = 10.0.40219.1
Project("{FAE04EC0-301F-11D3-BF4B-00C04F79EFBC}") = "SmoothLanding", "SmoothLanding.csproj", "{789E935A-AC10-C78C-7506-579DA0777712}"
EndProject
Global
	GlobalSection(SolutionConfigurationPlatforms) = preSolution
		Debug|Any CPU = Debug|Any CPU
		Release|Any CPU = Release|Any CPU
	EndGlobalSection
	GlobalSection(ProjectConfigurationPlatforms) = postSolution
		{789E935A-AC10-C78C-7506-579DA0777712}.Debug|Any CPU.ActiveCfg = Debug|Any CPU
		{789E935A-AC10-C78C-7506-579DA0777712}.Debug|Any CPU.Build.0 = Debug|Any CPU
		{789E935A-AC10-C78C-7506-579DA0777712}.Release|Any CPU.ActiveCfg = Release|Any CPU
		{789E935A-AC10-C78C-7506-579DA0777712}.Release|Any CPU.Build.0 = Release|Any CPU
	EndGlobalSection
	GlobalSection(SolutionProperties) = preSolution
		HideSolutionNode = FALSE
	EndGlobalSection
	GlobalSection(ExtensibilityGlobals) = postSolution
		SolutionGuid = {01DB4F45-140D-4E68-82A4-2B9AE0902A62}
	EndGlobalSection
EndGlobal
